// !$*UTF8*$!
{
	archiveVersion = 1;
	classes = {
	};
	objectVersion = 46;
	objects = {

/* Begin PBXBuildFile section */
		5B23E8541D77AC2E003541BC /* AppDelegate.swift in Sources */ = {isa = PBXBuildFile; fileRef = 5B23E8531D77AC2E003541BC /* AppDelegate.swift */; };
		5B23E8561D77AC2F003541BC /* ViewController.swift in Sources */ = {isa = PBXBuildFile; fileRef = 5B23E8551D77AC2F003541BC /* ViewController.swift */; };
		5B23E8591D77AC2F003541BC /* Main.storyboard in Resources */ = {isa = PBXBuildFile; fileRef = 5B23E8571D77AC2F003541BC /* Main.storyboard */; };
		5B23E85C1D77AC32003541BC /* PruebasURpin.xcdatamodeld in Sources */ = {isa = PBXBuildFile; fileRef = 5B23E85A1D77AC31003541BC /* PruebasURpin.xcdatamodeld */; };
		5B23E85E1D77AC33003541BC /* Assets.xcassets in Resources */ = {isa = PBXBuildFile; fileRef = 5B23E85D1D77AC33003541BC /* Assets.xcassets */; };
		5B23E8611D77AC33003541BC /* LaunchScreen.storyboard in Resources */ = {isa = PBXBuildFile; fileRef = 5B23E85F1D77AC33003541BC /* LaunchScreen.storyboard */; };
		5B23E86C1D77AC37003541BC /* PruebasURpinTests.swift in Sources */ = {isa = PBXBuildFile; fileRef = 5B23E86B1D77AC37003541BC /* PruebasURpinTests.swift */; };
		5B23E8771D77AC3A003541BC /* PruebasURpinUITests.swift in Sources */ = {isa = PBXBuildFile; fileRef = 5B23E8761D77AC3A003541BC /* PruebasURpinUITests.swift */; };
		5B23E8861D77BFB9003541BC /* ResultadoQuery.swift in Sources */ = {isa = PBXBuildFile; fileRef = 5B23E8851D77BFB9003541BC /* ResultadoQuery.swift */; };
		5B23E88C1D77CBA3003541BC /* Brand+CoreDataProperties.swift in Sources */ = {isa = PBXBuildFile; fileRef = 5B23E8881D77CBA3003541BC /* Brand+CoreDataProperties.swift */; };
		5B23E88D1D77CBA3003541BC /* Brand.swift in Sources */ = {isa = PBXBuildFile; fileRef = 5B23E8891D77CBA3003541BC /* Brand.swift */; };
		5B23E88E1D77CBA3003541BC /* ClothingType+CoreDataProperties.swift in Sources */ = {isa = PBXBuildFile; fileRef = 5B23E88A1D77CBA3003541BC /* ClothingType+CoreDataProperties.swift */; };
		5B23E88F1D77CBA3003541BC /* ClothingType.swift in Sources */ = {isa = PBXBuildFile; fileRef = 5B23E88B1D77CBA3003541BC /* ClothingType.swift */; };
/* End PBXBuildFile section */

/* Begin PBXContainerItemProxy section */
		5B23E8681D77AC37003541BC /* PBXContainerItemProxy */ = {
			isa = PBXContainerItemProxy;
			containerPortal = 5B23E8481D77AC2D003541BC /* Project object */;
			proxyType = 1;
			remoteGlobalIDString = 5B23E84F1D77AC2E003541BC;
			remoteInfo = PruebasURpin;
		};
		5B23E8731D77AC38003541BC /* PBXContainerItemProxy */ = {
			isa = PBXContainerItemProxy;
			containerPortal = 5B23E8481D77AC2D003541BC /* Project object */;
			proxyType = 1;
			remoteGlobalIDString = 5B23E84F1D77AC2E003541BC;
			remoteInfo = PruebasURpin;
		};
/* End PBXContainerItemProxy section */

/* Begin PBXFileReference section */
		5B23E8501D77AC2E003541BC /* PruebasURpin.app */ = {isa = PBXFileReference; explicitFileType = wrapper.application; includeInIndex = 0; path = PruebasURpin.app; sourceTree = BUILT_PRODUCTS_DIR; };
		5B23E8531D77AC2E003541BC /* AppDelegate.swift */ = {isa = PBXFileReference; lastKnownFileType = sourcecode.swift; path = AppDelegate.swift; sourceTree = "<group>"; };
		5B23E8551D77AC2F003541BC /* ViewController.swift */ = {isa = PBXFileReference; lastKnownFileType = sourcecode.swift; path = ViewController.swift; sourceTree = "<group>"; };
		5B23E8581D77AC2F003541BC /* Base */ = {isa = PBXFileReference; lastKnownFileType = file.storyboard; name = Base; path = Base.lproj/Main.storyboard; sourceTree = "<group>"; };
		5B23E85B1D77AC31003541BC /* PruebasURpin.xcdatamodel */ = {isa = PBXFileReference; lastKnownFileType = wrapper.xcdatamodel; path = PruebasURpin.xcdatamodel; sourceTree = "<group>"; };
		5B23E85D1D77AC33003541BC /* Assets.xcassets */ = {isa = PBXFileReference; lastKnownFileType = folder.assetcatalog; path = Assets.xcassets; sourceTree = "<group>"; };
		5B23E8601D77AC33003541BC /* Base */ = {isa = PBXFileReference; lastKnownFileType = file.storyboard; name = Base; path = Base.lproj/LaunchScreen.storyboard; sourceTree = "<group>"; };
		5B23E8621D77AC35003541BC /* Info.plist */ = {isa = PBXFileReference; lastKnownFileType = text.plist.xml; path = Info.plist; sourceTree = "<group>"; };
		5B23E8671D77AC37003541BC /* PruebasURpinTests.xctest */ = {isa = PBXFileReference; explicitFileType = wrapper.cfbundle; includeInIndex = 0; path = PruebasURpinTests.xctest; sourceTree = BUILT_PRODUCTS_DIR; };
		5B23E86B1D77AC37003541BC /* PruebasURpinTests.swift */ = {isa = PBXFileReference; lastKnownFileType = sourcecode.swift; path = PruebasURpinTests.swift; sourceTree = "<group>"; };
		5B23E86D1D77AC38003541BC /* Info.plist */ = {isa = PBXFileReference; lastKnownFileType = text.plist.xml; path = Info.plist; sourceTree = "<group>"; };
		5B23E8721D77AC38003541BC /* PruebasURpinUITests.xctest */ = {isa = PBXFileReference; explicitFileType = wrapper.cfbundle; includeInIndex = 0; path = PruebasURpinUITests.xctest; sourceTree = BUILT_PRODUCTS_DIR; };
		5B23E8761D77AC3A003541BC /* PruebasURpinUITests.swift */ = {isa = PBXFileReference; lastKnownFileType = sourcecode.swift; path = PruebasURpinUITests.swift; sourceTree = "<group>"; };
		5B23E8781D77AC3A003541BC /* Info.plist */ = {isa = PBXFileReference; lastKnownFileType = text.plist.xml; path = Info.plist; sourceTree = "<group>"; };
		5B23E8851D77BFB9003541BC /* ResultadoQuery.swift */ = {isa = PBXFileReference; fileEncoding = 4; lastKnownFileType = sourcecode.swift; path = ResultadoQuery.swift; sourceTree = "<group>"; };
		5B23E8881D77CBA3003541BC /* Brand+CoreDataProperties.swift */ = {isa = PBXFileReference; fileEncoding = 4; lastKnownFileType = sourcecode.swift; path = "Brand+CoreDataProperties.swift"; sourceTree = "<group>"; };
		5B23E8891D77CBA3003541BC /* Brand.swift */ = {isa = PBXFileReference; fileEncoding = 4; lastKnownFileType = sourcecode.swift; path = Brand.swift; sourceTree = "<group>"; };
		5B23E88A1D77CBA3003541BC /* ClothingType+CoreDataProperties.swift */ = {isa = PBXFileReference; fileEncoding = 4; lastKnownFileType = sourcecode.swift; path = "ClothingType+CoreDataProperties.swift"; sourceTree = "<group>"; };
		5B23E88B1D77CBA3003541BC /* ClothingType.swift */ = {isa = PBXFileReference; fileEncoding = 4; lastKnownFileType = sourcecode.swift; path = ClothingType.swift; sourceTree = "<group>"; };
/* End PBXFileReference section */

/* Begin PBXFrameworksBuildPhase section */
		5B23E84D1D77AC2E003541BC /* Frameworks */ = {
			isa = PBXFrameworksBuildPhase;
			buildActionMask = 2147483647;
			files = (
			);
			runOnlyForDeploymentPostprocessing = 0;
		};
		5B23E8641D77AC37003541BC /* Frameworks */ = {
			isa = PBXFrameworksBuildPhase;
			buildActionMask = 2147483647;
			files = (
			);
			runOnlyForDeploymentPostprocessing = 0;
		};
		5B23E86F1D77AC38003541BC /* Frameworks */ = {
			isa = PBXFrameworksBuildPhase;
			buildActionMask = 2147483647;
			files = (
			);
			runOnlyForDeploymentPostprocessing = 0;
		};
/* End PBXFrameworksBuildPhase section */

/* Begin PBXGroup section */
		5B23E8471D77AC2C003541BC = {
			isa = PBXGroup;
			children = (
				5B23E8521D77AC2E003541BC /* PruebasURpin */,
				5B23E86A1D77AC37003541BC /* PruebasURpinTests */,
				5B23E8751D77AC38003541BC /* PruebasURpinUITests */,
				5B23E8511D77AC2E003541BC /* Products */,
			);
			sourceTree = "<group>";
		};
		5B23E8511D77AC2E003541BC /* Products */ = {
			isa = PBXGroup;
			children = (
				5B23E8501D77AC2E003541BC /* PruebasURpin.app */,
				5B23E8671D77AC37003541BC /* PruebasURpinTests.xctest */,
				5B23E8721D77AC38003541BC /* PruebasURpinUITests.xctest */,
			);
			name = Products;
			sourceTree = "<group>";
		};
		5B23E8521D77AC2E003541BC /* PruebasURpin */ = {
			isa = PBXGroup;
			children = (
				5B23E8871D77CB6F003541BC /* Core */,
				5B23E8841D77BF8E003541BC /* Controllers */,
				5B23E8531D77AC2E003541BC /* AppDelegate.swift */,
				5B23E8571D77AC2F003541BC /* Main.storyboard */,
				5B23E85D1D77AC33003541BC /* Assets.xcassets */,
				5B23E85F1D77AC33003541BC /* LaunchScreen.storyboard */,
				5B23E8621D77AC35003541BC /* Info.plist */,
				5B23E85A1D77AC31003541BC /* PruebasURpin.xcdatamodeld */,
			);
			path = PruebasURpin;
			sourceTree = "<group>";
		};
		5B23E86A1D77AC37003541BC /* PruebasURpinTests */ = {
			isa = PBXGroup;
			children = (
				5B23E86B1D77AC37003541BC /* PruebasURpinTests.swift */,
				5B23E86D1D77AC38003541BC /* Info.plist */,
			);
			path = PruebasURpinTests;
			sourceTree = "<group>";
		};
		5B23E8751D77AC38003541BC /* PruebasURpinUITests */ = {
			isa = PBXGroup;
			children = (
				5B23E8761D77AC3A003541BC /* PruebasURpinUITests.swift */,
				5B23E8781D77AC3A003541BC /* Info.plist */,
			);
			path = PruebasURpinUITests;
			sourceTree = "<group>";
		};
		5B23E8841D77BF8E003541BC /* Controllers */ = {
			isa = PBXGroup;
			children = (
				5B23E8551D77AC2F003541BC /* ViewController.swift */,
				5B23E8851D77BFB9003541BC /* ResultadoQuery.swift */,
			);
			name = Controllers;
			sourceTree = "<group>";
		};
		5B23E8871D77CB6F003541BC /* Core */ = {
			isa = PBXGroup;
			children = (
				5B23E8881D77CBA3003541BC /* Brand+CoreDataProperties.swift */,
				5B23E8891D77CBA3003541BC /* Brand.swift */,
				5B23E88A1D77CBA3003541BC /* ClothingType+CoreDataProperties.swift */,
				5B23E88B1D77CBA3003541BC /* ClothingType.swift */,
			);
			name = Core;
			sourceTree = "<group>";
		};
/* End PBXGroup section */

/* Begin PBXNativeTarget section */
		5B23E84F1D77AC2E003541BC /* PruebasURpin */ = {
			isa = PBXNativeTarget;
			buildConfigurationList = 5B23E87B1D77AC3B003541BC /* Build configuration list for PBXNativeTarget "PruebasURpin" */;
			buildPhases = (
				5B23E84C1D77AC2E003541BC /* Sources */,
				5B23E84D1D77AC2E003541BC /* Frameworks */,
				5B23E84E1D77AC2E003541BC /* Resources */,
			);
			buildRules = (
			);
			dependencies = (
			);
			name = PruebasURpin;
			productName = PruebasURpin;
			productReference = 5B23E8501D77AC2E003541BC /* PruebasURpin.app */;
			productType = "com.apple.product-type.application";
		};
		5B23E8661D77AC37003541BC /* PruebasURpinTests */ = {
			isa = PBXNativeTarget;
			buildConfigurationList = 5B23E87E1D77AC3B003541BC /* Build configuration list for PBXNativeTarget "PruebasURpinTests" */;
			buildPhases = (
				5B23E8631D77AC37003541BC /* Sources */,
				5B23E8641D77AC37003541BC /* Frameworks */,
				5B23E8651D77AC37003541BC /* Resources */,
			);
			buildRules = (
			);
			dependencies = (
				5B23E8691D77AC37003541BC /* PBXTargetDependency */,
			);
			name = PruebasURpinTests;
			productName = PruebasURpinTests;
			productReference = 5B23E8671D77AC37003541BC /* PruebasURpinTests.xctest */;
			productType = "com.apple.product-type.bundle.unit-test";
		};
		5B23E8711D77AC38003541BC /* PruebasURpinUITests */ = {
			isa = PBXNativeTarget;
			buildConfigurationList = 5B23E8811D77AC3B003541BC /* Build configuration list for PBXNativeTarget "PruebasURpinUITests" */;
			buildPhases = (
				5B23E86E1D77AC38003541BC /* Sources */,
				5B23E86F1D77AC38003541BC /* Frameworks */,
				5B23E8701D77AC38003541BC /* Resources */,
			);
			buildRules = (
			);
			dependencies = (
				5B23E8741D77AC38003541BC /* PBXTargetDependency */,
			);
			name = PruebasURpinUITests;
			productName = PruebasURpinUITests;
			productReference = 5B23E8721D77AC38003541BC /* PruebasURpinUITests.xctest */;
			productType = "com.apple.product-type.bundle.ui-testing";
		};
/* End PBXNativeTarget section */

/* Begin PBXProject section */
		5B23E8481D77AC2D003541BC /* Project object */ = {
			isa = PBXProject;
			attributes = {
				LastSwiftUpdateCheck = 0730;
				LastUpgradeCheck = 0730;
				ORGANIZATIONNAME = "Edilberto Amado Perdomo";
				TargetAttributes = {
					5B23E84F1D77AC2E003541BC = {
						CreatedOnToolsVersion = 7.3.1;
					};
					5B23E8661D77AC37003541BC = {
						CreatedOnToolsVersion = 7.3.1;
						TestTargetID = 5B23E84F1D77AC2E003541BC;
					};
					5B23E8711D77AC38003541BC = {
						CreatedOnToolsVersion = 7.3.1;
						TestTargetID = 5B23E84F1D77AC2E003541BC;
					};
				};
			};
			buildConfigurationList = 5B23E84B1D77AC2D003541BC /* Build configuration list for PBXProject "PruebasURpin" */;
			compatibilityVersion = "Xcode 3.2";
			developmentRegion = English;
			hasScannedForEncodings = 0;
			knownRegions = (
				en,
				Base,
			);
			mainGroup = 5B23E8471D77AC2C003541BC;
			productRefGroup = 5B23E8511D77AC2E003541BC /* Products */;
			projectDirPath = "";
			projectRoot = "";
			targets = (
				5B23E84F1D77AC2E003541BC /* PruebasURpin */,
				5B23E8661D77AC37003541BC /* PruebasURpinTests */,
				5B23E8711D77AC38003541BC /* PruebasURpinUITests */,
			);
		};
/* End PBXProject section */

/* Begin PBXResourcesBuildPhase section */
		5B23E84E1D77AC2E003541BC /* Resources */ = {
			isa = PBXResourcesBuildPhase;
			buildActionMask = 2147483647;
			files = (
				5B23E8611D77AC33003541BC /* LaunchScreen.storyboard in Resources */,
				5B23E85E1D77AC33003541BC /* Assets.xcassets in Resources */,
				5B23E8591D77AC2F003541BC /* Main.storyboard in Resources */,
			);
			runOnlyForDeploymentPostprocessing = 0;
		};
		5B23E8651D77AC37003541BC /* Resources */ = {
			isa = PBXResourcesBuildPhase;
			buildActionMask = 2147483647;
			files = (
			);
			runOnlyForDeploymentPostprocessing = 0;
		};
		5B23E8701D77AC38003541BC /* Resources */ = {
			isa = PBXResourcesBuildPhase;
			buildActionMask = 2147483647;
			files = (
			);
			runOnlyForDeploymentPostprocessing = 0;
		};
/* End PBXResourcesBuildPhase section */

/* Begin PBXSourcesBuildPhase section */
		5B23E84C1D77AC2E003541BC /* Sources */ = {
			isa = PBXSourcesBuildPhase;
			buildActionMask = 2147483647;
			files = (
				5B23E8861D77BFB9003541BC /* ResultadoQuery.swift in Sources */,
				5B23E88D1D77CBA3003541BC /* Brand.swift in Sources */,
				5B23E85C1D77AC32003541BC /* PruebasURpin.xcdatamodeld in Sources */,
				5B23E8561D77AC2F003541BC /* ViewController.swift in Sources */,
				5B23E8541D77AC2E003541BC /* AppDelegate.swift in Sources */,
				5B23E88E1D77CBA3003541BC /* ClothingType+CoreDataProperties.swift in Sources */,
				5B23E88C1D77CBA3003541BC /* Brand+CoreDataProperties.swift in Sources */,
				5B23E88F1D77CBA3003541BC /* ClothingType.swift in Sources */,
			);
			runOnlyForDeploymentPostprocessing = 0;
		};
		5B23E8631D77AC37003541BC /* Sources */ = {
			isa = PBXSourcesBuildPhase;
			buildActionMask = 2147483647;
			files = (
				5B23E86C1D77AC37003541BC /* PruebasURpinTests.swift in Sources */,
			);
			runOnlyForDeploymentPostprocessing = 0;
		};
		5B23E86E1D77AC38003541BC /* Sources */ = {
			isa = PBXSourcesBuildPhase;
			buildActionMask = 2147483647;
			files = (
				5B23E8771D77AC3A003541BC /* PruebasURpinUITests.swift in Sources */,
			);
			runOnlyForDeploymentPostprocessing = 0;
		};
/* End PBXSourcesBuildPhase section */

/* Begin PBXTargetDependency section */
		5B23E8691D77AC37003541BC /* PBXTargetDependency */ = {
			isa = PBXTargetDependency;
			target = 5B23E84F1D77AC2E003541BC /* PruebasURpin */;
			targetProxy = 5B23E8681D77AC37003541BC /* PBXContainerItemProxy */;
		};
		5B23E8741D77AC38003541BC /* PBXTargetDependency */ = {
			isa = PBXTargetDependency;
			target = 5B23E84F1D77AC2E003541BC /* PruebasURpin */;
			targetProxy = 5B23E8731D77AC38003541BC /* PBXContainerItemProxy */;
		};
/* End PBXTargetDependency section */

/* Begin PBXVariantGroup section */
		5B23E8571D77AC2F003541BC /* Main.storyboard */ = {
			isa = PBXVariantGroup;
			children = (
				5B23E8581D77AC2F003541BC /* Base */,
			);
			name = Main.storyboard;
			sourceTree = "<group>";
		};
		5B23E85F1D77AC33003541BC /* LaunchScreen.storyboard */ = {
			isa = PBXVariantGroup;
			children = (
				5B23E8601D77AC33003541BC /* Base */,
			);
			name = LaunchScreen.storyboard;
			sourceTree = "<group>";
		};
/* End PBXVariantGroup section */

/* Begin XCBuildConfiguration section */
		5B23E8791D77AC3B003541BC /* Debug */ = {
			isa = XCBuildConfiguration;
			buildSettings = {
				ALWAYS_SEARCH_USER_PATHS = NO;
				CLANG_ANALYZER_NONNULL = YES;
				CLANG_CXX_LANGUAGE_STANDARD = "gnu++0x";
				CLANG_CXX_LIBRARY = "libc++";
				CLANG_ENABLE_MODULES = YES;
				CLANG_ENABLE_OBJC_ARC = YES;
				CLANG_WARN_BOOL_CONVERSION = YES;
				CLANG_WARN_CONSTANT_CONVERSION = YES;
				CLANG_WARN_DIRECT_OBJC_ISA_USAGE = YES_ERROR;
				CLANG_WARN_EMPTY_BODY = YES;
				CLANG_WARN_ENUM_CONVERSION = YES;
				CLANG_WARN_INT_CONVERSION = YES;
				CLANG_WARN_OBJC_ROOT_CLASS = YES_ERROR;
				CLANG_WARN_UNREACHABLE_CODE = YES;
				CLANG_WARN__DUPLICATE_METHOD_MATCH = YES;
				"CODE_SIGN_IDENTITY[sdk=iphoneos*]" = "iPhone Developer";
				COPY_PHASE_STRIP = NO;
				DEBUG_INFORMATION_FORMAT = dwarf;
				ENABLE_STRICT_OBJC_MSGSEND = YES;
				ENABLE_TESTABILITY = YES;
				GCC_C_LANGUAGE_STANDARD = gnu99;
				GCC_DYNAMIC_NO_PIC = NO;
				GCC_NO_COMMON_BLOCKS = YES;
				GCC_OPTIMIZATION_LEVEL = 0;
				GCC_PREPROCESSOR_DEFINITIONS = (
					"DEBUG=1",
					"$(inherited)",
				);
				GCC_WARN_64_TO_32_BIT_CONVERSION = YES;
				GCC_WARN_ABOUT_RETURN_TYPE = YES_ERROR;
				GCC_WARN_UNDECLARED_SELECTOR = YES;
				GCC_WARN_UNINITIALIZED_AUTOS = YES_AGGRESSIVE;
				GCC_WARN_UNUSED_FUNCTION = YES;
				GCC_WARN_UNUSED_VARIABLE = YES;
				IPHONEOS_DEPLOYMENT_TARGET = 9.3;
				MTL_ENABLE_DEBUG_INFO = YES;
				ONLY_ACTIVE_ARCH = YES;
				SDKROOT = iphoneos;
				SWIFT_OPTIMIZATION_LEVEL = "-Onone";
				TARGETED_DEVICE_FAMILY = "1,2";
			};
			name = Debug;
		};
		5B23E87A1D77AC3B003541BC /* Release */ = {
			isa = XCBuildConfiguration;
			buildSettings = {
				ALWAYS_SEARCH_USER_PATHS = NO;
				CLANG_ANALYZER_NONNULL = YES;
				CLANG_CXX_LANGUAGE_STANDARD = "gnu++0x";
				CLANG_CXX_LIBRARY = "libc++";
				CLANG_ENABLE_MODULES = YES;
				CLANG_ENABLE_OBJC_ARC = YES;
				CLANG_WARN_BOOL_CONVERSION = YES;
				CLANG_WARN_CONSTANT_CONVERSION = YES;
				CLANG_WARN_DIRECT_OBJC_ISA_USAGE = YES_ERROR;
				CLANG_WARN_EMPTY_BODY = YES;
				CLANG_WARN_ENUM_CONVERSION = YES;
				CLANG_WARN_INT_CONVERSION = YES;
				CLANG_WARN_OBJC_ROOT_CLASS = YES_ERROR;
				CLANG_WARN_UNREACHABLE_CODE = YES;
				CLANG_WARN__DUPLICATE_METHOD_MATCH = YES;
				"CODE_SIGN_IDENTITY[sdk=iphoneos*]" = "iPhone Developer";
				COPY_PHASE_STRIP = NO;
				DEBUG_INFORMATION_FORMAT = "dwarf-with-dsym";
				ENABLE_NS_ASSERTIONS = NO;
				ENABLE_STRICT_OBJC_MSGSEND = YES;
				GCC_C_LANGUAGE_STANDARD = gnu99;
				GCC_NO_COMMON_BLOCKS = YES;
				GCC_WARN_64_TO_32_BIT_CONVERSION = YES;
				GCC_WARN_ABOUT_RETURN_TYPE = YES_ERROR;
				GCC_WARN_UNDECLARED_SELECTOR = YES;
				GCC_WARN_UNINITIALIZED_AUTOS = YES_AGGRESSIVE;
				GCC_WARN_UNUSED_FUNCTION = YES;
				GCC_WARN_UNUSED_VARIABLE = YES;
				IPHONEOS_DEPLOYMENT_TARGET = 9.3;
				MTL_ENABLE_DEBUG_INFO = NO;
				SDKROOT = iphoneos;
				TARGETED_DEVICE_FAMILY = "1,2";
				VALIDATE_PRODUCT = YES;
			};
			name = Release;
		};
		5B23E87C1D77AC3B003541BC /* Debug */ = {
			isa = XCBuildConfiguration;
			buildSettings = {
				ASSETCATALOG_COMPILER_APPICON_NAME = AppIcon;
				INFOPLIST_FILE = PruebasURpin/Info.plist;
				LD_RUNPATH_SEARCH_PATHS = "$(inherited) @executable_path/Frameworks";
				PRODUCT_BUNDLE_IDENTIFIER = edampe.PruebasURpin;
				PRODUCT_NAME = "$(TARGET_NAME)";
			};
			name = Debug;
		};
		5B23E87D1D77AC3B003541BC /* Release */ = {
			isa = XCBuildConfiguration;
			buildSettings = {
				ASSETCATALOG_COMPILER_APPICON_NAME = AppIcon;
				INFOPLIST_FILE = PruebasURpin/Info.plist;
				LD_RUNPATH_SEARCH_PATHS = "$(inherited) @executable_path/Frameworks";
				PRODUCT_BUNDLE_IDENTIFIER = edampe.PruebasURpin;
				PRODUCT_NAME = "$(TARGET_NAME)";
			};
			name = Release;
		};
		5B23E87F1D77AC3B003541BC /* Debug */ = {
			isa = XCBuildConfiguration;
			buildSettings = {
				BUNDLE_LOADER = "$(TEST_HOST)";
				INFOPLIST_FILE = PruebasURpinTests/Info.plist;
				LD_RUNPATH_SEARCH_PATHS = "$(inherited) @executable_path/Frameworks @loader_path/Frameworks";
				PRODUCT_BUNDLE_IDENTIFIER = edampe.PruebasURpinTests;
				PRODUCT_NAME = "$(TARGET_NAME)";
				TEST_HOST = "$(BUILT_PRODUCTS_DIR)/PruebasURpin.app/PruebasURpin";
			};
			name = Debug;
		};
		5B23E8801D77AC3B003541BC /* Release */ = {
			isa = XCBuildConfiguration;
			buildSettings = {
				BUNDLE_LOADER = "$(TEST_HOST)";
				INFOPLIST_FILE = PruebasURpinTests/Info.plist;
				LD_RUNPATH_SEARCH_PATHS = "$(inherited) @executable_path/Frameworks @loader_path/Frameworks";
				PRODUCT_BUNDLE_IDENTIFIER = edampe.PruebasURpinTests;
				PRODUCT_NAME = "$(TARGET_NAME)";
				TEST_HOST = "$(BUILT_PRODUCTS_DIR)/PruebasURpin.app/PruebasURpin";
			};
			name = Release;
		};
		5B23E8821D77AC3B003541BC /* Debug */ = {
			isa = XCBuildConfiguration;
			buildSettings = {
				INFOPLIST_FILE = PruebasURpinUITests/Info.plist;
				LD_RUNPATH_SEARCH_PATHS = "$(inherited) @executable_path/Frameworks @loader_path/Frameworks";
				PRODUCT_BUNDLE_IDENTIFIER = edampe.PruebasURpinUITests;
				PRODUCT_NAME = "$(TARGET_NAME)";
				TEST_TARGET_NAME = PruebasURpin;
			};
			name = Debug;
		};
		5B23E8831D77AC3B003541BC /* Release */ = {
			isa = XCBuildConfiguration;
			buildSettings = {
				INFOPLIST_FILE = PruebasURpinUITests/Info.plist;
				LD_RUNPATH_SEARCH_PATHS = "$(inherited) @executable_path/Frameworks @loader_path/Frameworks";
				PRODUCT_BUNDLE_IDENTIFIER = edampe.PruebasURpinUITests;
				PRODUCT_NAME = "$(TARGET_NAME)";
				TEST_TARGET_NAME = PruebasURpin;
			};
			name = Release;
		};
/* End XCBuildConfiguration section */

/* Begin XCConfigurationList section */
		5B23E84B1D77AC2D003541BC /* Build configuration list for PBXProject "PruebasURpin" */ = {
			isa = XCConfigurationList;
			buildConfigurations = (
				5B23E8791D77AC3B003541BC /* Debug */,
				5B23E87A1D77AC3B003541BC /* Release */,
			);
			defaultConfigurationIsVisible = 0;
			defaultConfigurationName = Release;
		};
		5B23E87B1D77AC3B003541BC /* Build configuration list for PBXNativeTarget "PruebasURpin" */ = {
			isa = XCConfigurationList;
			buildConfigurations = (
				5B23E87C1D77AC3B003541BC /* Debug */,
				5B23E87D1D77AC3B003541BC /* Release */,
			);
			defaultConfigurationIsVisible = 0;
		};
		5B23E87E1D77AC3B003541BC /* Build configuration list for PBXNativeTarget "PruebasURpinTests" */ = {
			isa = XCConfigurationList;
			buildConfigurations = (
				5B23E87F1D77AC3B003541BC /* Debug */,
				5B23E8801D77AC3B003541BC /* Release */,
			);
			defaultConfigurationIsVisible = 0;
		};
		5B23E8811D77AC3B003541BC /* Build configuration list for PBXNativeTarget "PruebasURpinUITests" */ = {
			isa = XCConfigurationList;
			buildConfigurations = (
				5B23E8821D77AC3B003541BC /* Debug */,
				5B23E8831D77AC3B003541BC /* Release */,
			);
			defaultConfigurationIsVisible = 0;
		};
/* End XCConfigurationList section */

/* Begin XCVersionGroup section */
		5B23E85A1D77AC31003541BC /* PruebasURpin.xcdatamodeld */ = {
			isa = XCVersionGroup;
			children = (
				5B23E85B1D77AC31003541BC /* PruebasURpin.xcdatamodel */,
			);
			currentVersion = 5B23E85B1D77AC31003541BC /* PruebasURpin.xcdatamodel */;
			path = PruebasURpin.xcdatamodeld;
			sourceTree = "<group>";
			versionGroupType = wrapper.xcdatamodel;
		};
/* End XCVersionGroup section */
	};
	rootObject = 5B23E8481D77AC2D003541BC /* Project object */;
}
